
Microsoft Visual Studio Solution File, Format Version 12.00
# Visual Studio Version 16
VisualStudioVersion = 25.0.1703.5
MinimumVisualStudioVersion = 10.0.40219.1
Project("{FAE04EC0-301F-11D3-BF4B-00C04F79EFBC}") = "Business", "Business.csproj", "{305560C4-135F-488B-B1EC-49388596744D}"
EndProject
Global
	GlobalSection(SolutionConfigurationPlatforms) = preSolution
		Debug|Any CPU = Debug|Any CPU
		Release|Any CPU = Release|Any CPU
	EndGlobalSection
	GlobalSection(ProjectConfigurationPlatforms) = postSolution
		{305560C4-135F-488B-B1EC-49388596744D}.Debug|Any CPU.ActiveCfg = Debug|Any CPU
		{305560C4-135F-488B-B1EC-49388596744D}.Debug|Any CPU.Build.0 = Debug|Any CPU
		{305560C4-135F-488B-B1EC-49388596744D}.Release|Any CPU.ActiveCfg = Release|Any CPU
		{305560C4-135F-488B-B1EC-49388596744D}.Release|Any CPU.Build.0 = Release|Any CPU
	EndGlobalSection
	GlobalSection(SolutionProperties) = preSolution
		HideSolutionNode = FALSE
	EndGlobalSection
	GlobalSection(ExtensibilityGlobals) = postSolution
		SolutionGuid = {97E31084-3AC9-4F88-B0A5-4A9C89E2181A}
	EndGlobalSection
EndGlobal
